
Microsoft Visual Studio Solution File, Format Version 11.00
# Visual Studio 2010
Project("{FAE04EC0-301F-11D3-BF4B-00C04F79EFBC}") = "Gour.Web", "Gour\Gour.Web\Gour.Web.csproj", "{918CBB2E-CA7A-463E-BD58-78F950DB48CF}"
EndProject
Project("{FAE04EC0-301F-11D3-BF4B-00C04F79EFBC}") = "Gour.Phone", "Gour\Gour.Phone\Gour.Phone.csproj", "{45D70F2B-6A79-4D76-AE3C-36ABB2A8DB95}"
EndProject
Project("{CC5FD16D-436D-48AD-A40C-5A424C6E3E79}") = "Gour", "Gour\Gour\Gour.ccproj", "{2952E75F-AEAD-46DC-899E-35B62F6A3ABA}"
EndProject
Global
	GlobalSection(SolutionConfigurationPlatforms) = preSolution
		Debug|Any CPU = Debug|Any CPU
		Release|Any CPU = Release|Any CPU
	EndGlobalSection
	GlobalSection(ProjectConfigurationPlatforms) = postSolution
		{918CBB2E-CA7A-463E-BD58-78F950DB48CF}.Debug|Any CPU.ActiveCfg = Debug|Any CPU
		{918CBB2E-CA7A-463E-BD58-78F950DB48CF}.Debug|Any CPU.Build.0 = Debug|Any CPU
		{918CBB2E-CA7A-463E-BD58-78F950DB48CF}.Release|Any CPU.ActiveCfg = Release|Any CPU
		{918CBB2E-CA7A-463E-BD58-78F950DB48CF}.Release|Any CPU.Build.0 = Release|Any CPU
		{45D70F2B-6A79-4D76-AE3C-36ABB2A8DB95}.Debug|Any CPU.ActiveCfg = Debug|Any CPU
		{45D70F2B-6A79-4D76-AE3C-36ABB2A8DB95}.Debug|Any CPU.Build.0 = Debug|Any CPU
		{45D70F2B-6A79-4D76-AE3C-36ABB2A8DB95}.Debug|Any CPU.Deploy.0 = Debug|Any CPU
		{45D70F2B-6A79-4D76-AE3C-36ABB2A8DB95}.Release|Any CPU.ActiveCfg = Release|Any CPU
		{45D70F2B-6A79-4D76-AE3C-36ABB2A8DB95}.Release|Any CPU.Build.0 = Release|Any CPU
		{45D70F2B-6A79-4D76-AE3C-36ABB2A8DB95}.Release|Any CPU.Deploy.0 = Release|Any CPU
		{2952E75F-AEAD-46DC-899E-35B62F6A3ABA}.Debug|Any CPU.ActiveCfg = Debug|Any CPU
		{2952E75F-AEAD-46DC-899E-35B62F6A3ABA}.Debug|Any CPU.Build.0 = Debug|Any CPU
		{2952E75F-AEAD-46DC-899E-35B62F6A3ABA}.Release|Any CPU.ActiveCfg = Release|Any CPU
		{2952E75F-AEAD-46DC-899E-35B62F6A3ABA}.Release|Any CPU.Build.0 = Release|Any CPU
	EndGlobalSection
	GlobalSection(SolutionProperties) = preSolution
		HideSolutionNode = FALSE
	EndGlobalSection
EndGlobal
